
Microsoft Visual Studio Solution File, Format Version 12.00
# Visual Studio 15
VisualStudioVersion = 15.0.28010.2026
MinimumVisualStudioVersion = 10.0.40219.1
Project("{8BC9CEB8-8B4A-11D0-8D11-00A0C91BC942}") = "Hydra", "Hydra\Hydra.vcxproj", "{0600F8C5-A252-4546-8982-0EF976413165}"
	ProjectSection(ProjectDependencies) = postProject
		{AA9FAFC2-83D8-46EB-8161-4C04FB39F616} = {AA9FAFC2-83D8-46EB-8161-4C04FB39F616}
	EndProjectSection
EndProject
Project("{8BC9CEB8-8B4A-11D0-8D11-00A0C91BC942}") = "IndustryEmpire", "IndustryEmpire\IndustryEmpire.vcxproj", "{39BCC7EC-EA05-48CF-B9F8-B222371E4D60}"
	ProjectSection(ProjectDependencies) = postProject
		{0600F8C5-A252-4546-8982-0EF976413165} = {0600F8C5-A252-4546-8982-0EF976413165}
	EndProjectSection
EndProject
Project("{FAE04EC0-301F-11D3-BF4B-00C04F79EFBC}") = "HydraHeaderTool", "HydraHeaderTool\HydraHeaderTool.csproj", "{AA9FAFC2-83D8-46EB-8161-4C04FB39F616}"
EndProject
Global
	GlobalSection(SolutionConfigurationPlatforms) = preSolution
		Debug|Any CPU = Debug|Any CPU
		Debug|x64 = Debug|x64
		Debug|x86 = Debug|x86
		Release|Any CPU = Release|Any CPU
		Release|x64 = Release|x64
		Release|x86 = Release|x86
	EndGlobalSection
	GlobalSection(ProjectConfigurationPlatforms) = postSolution
		{0600F8C5-A252-4546-8982-0EF976413165}.Debug|Any CPU.ActiveCfg = Debug|Win32
		{0600F8C5-A252-4546-8982-0EF976413165}.Debug|x64.ActiveCfg = Debug|x64
		{0600F8C5-A252-4546-8982-0EF976413165}.Debug|x64.Build.0 = Debug|x64
		{0600F8C5-A252-4546-8982-0EF976413165}.Debug|x86.ActiveCfg = Debug|Win32
		{0600F8C5-A252-4546-8982-0EF976413165}.Debug|x86.Build.0 = Debug|Win32
		{0600F8C5-A252-4546-8982-0EF976413165}.Release|Any CPU.ActiveCfg = Release|Win32
		{0600F8C5-A252-4546-8982-0EF976413165}.Release|x64.ActiveCfg = Release|x64
		{0600F8C5-A252-4546-8982-0EF976413165}.Release|x64.Build.0 = Release|x64
		{0600F8C5-A252-4546-8982-0EF976413165}.Release|x86.ActiveCfg = Release|Win32
		{0600F8C5-A252-4546-8982-0EF976413165}.Release|x86.Build.0 = Release|Win32
		{39BCC7EC-EA05-48CF-B9F8-B222371E4D60}.Debug|Any CPU.ActiveCfg = Debug|Win32
		{39BCC7EC-EA05-48CF-B9F8-B222371E4D60}.Debug|x64.ActiveCfg = Debug|x64
		{39BCC7EC-EA05-48CF-B9F8-B222371E4D60}.Debug|x64.Build.0 = Debug|x64
		{39BCC7EC-EA05-48CF-B9F8-B222371E4D60}.Debug|x86.ActiveCfg = Debug|Win32
		{39BCC7EC-EA05-48CF-B9F8-B222371E4D60}.Debug|x86.Build.0 = Debug|Win32
		{39BCC7EC-EA05-48CF-B9F8-B222371E4D60}.Release|Any CPU.ActiveCfg = Release|Win32
		{39BCC7EC-EA05-48CF-B9F8-B222371E4D60}.Release|x64.ActiveCfg = Release|x64
		{39BCC7EC-EA05-48CF-B9F8-B222371E4D60}.Release|x64.Build.0 = Release|x64
		{39BCC7EC-EA05-48CF-B9F8-B222371E4D60}.Release|x86.ActiveCfg = Release|Win32
		{39BCC7EC-EA05-48CF-B9F8-B222371E4D60}.Release|x86.Build.0 = Release|Win32
		{AA9FAFC2-83D8-46EB-8161-4C04FB39F616}.Debug|Any CPU.ActiveCfg = Debug|Any CPU
		{AA9FAFC2-83D8-46EB-8161-4C04FB39F616}.Debug|Any CPU.Build.0 = Debug|Any CPU
		{AA9FAFC2-83D8-46EB-8161-4C04FB39F616}.Debug|x64.ActiveCfg = Debug|Any CPU
		{AA9FAFC2-83D8-46EB-8161-4C04FB39F616}.Debug|x64.Build.0 = Debug|Any CPU
		{AA9FAFC2-83D8-46EB-8161-4C04FB39F616}.Debug|x86.ActiveCfg = Debug|Any CPU
		{AA9FAFC2-83D8-46EB-8161-4C04FB39F616}.Debug|x86.Build.0 = Debug|Any CPU
		{AA9FAFC2-83D8-46EB-8161-4C04FB39F616}.Release|Any CPU.ActiveCfg = Release|Any CPU
		{AA9FAFC2-83D8-46EB-8161-4C04FB39F616}.Release|Any CPU.Build.0 = Release|Any CPU
		{AA9FAFC2-83D8-46EB-8161-4C04FB39F616}.Release|x64.ActiveCfg = Release|Any CPU
		{AA9FAFC2-83D8-46EB-8161-4C04FB39F616}.Release|x64.Build.0 = Release|Any CPU
		{AA9FAFC2-83D8-46EB-8161-4C04FB39F616}.Release|x86.ActiveCfg = Release|Any CPU
		{AA9FAFC2-83D8-46EB-8161-4C04FB39F616}.Release|x86.Build.0 = Release|Any CPU
	EndGlobalSection
	GlobalSection(SolutionProperties) = preSolution
		HideSolutionNode = FALSE
	EndGlobalSection
	GlobalSection(ExtensibilityGlobals) = postSolution
		SolutionGuid = {59EC6BFB-8205-4BE2-866D-BEF5DAC767A0}
	EndGlobalSection
EndGlobal
