<?xml version="1.0" encoding="utf-8"?>
<Project ToolsVersion="4.0" xmlns="http://schemas.microsoft.com/developer/msbuild/2003">
  <ItemGroup>
    <Filter Include="Source Files">
      <UniqueIdentifier>{4FC737F1-C7A5-4376-A066-2A32D752A2FF}</UniqueIdentifier>
      <Extensions>cpp;c;cc;cxx;def;odl;idl;hpj;bat;asm;asmx</Extensions>
    </Filter>
    <Filter Include="Header Files">
      <UniqueIdentifier>{93995380-89BD-4b04-88EB-625FBE52EBFB}</UniqueIdentifier>
      <Extensions>h;hh;hpp;hxx;hm;inl;inc;ipp;xsd</Extensions>
    </Filter>
    <Filter Include="Resource Files">
      <UniqueIdentifier>{67DA6AB6-F800-4c08-8B7A-83BB121AAD01}</UniqueIdentifier>
      <Extensions>rc;ico;cur;bmp;dlg;rc2;rct;bin;rgs;gif;jpg;jpeg;jpe;resx;tiff;tif;png;wav;mfcribbon-ms</Extensions>
    </Filter>
  </ItemGroup>
  <ItemGroup>
    <ClInclude Include="resource.h">
      <Filter>Header Files</Filter>
    </ClInclude>
    <ClInclude Include="ImGui\stb_truetype.h">
      <Filter>Header Files</Filter>
    </ClInclude>
    <ClInclude Include="ImGui\imconfig.h">
      <Filter>Header Files</Filter>
    </ClInclude>
    <ClInclude Include="ImGui\imgui.h">
      <Filter>Header Files</Filter>
    </ClInclude>
    <ClInclude Include="ImGui\imgui_helper.h">
      <Filter>Header Files</Filter>
    </ClInclude>
    <ClInclude Include="ImGui\imgui_impl_dx11.h">
      <Filter>Header Files</Filter>
    </ClInclude>
    <ClInclude Include="ImGui\imgui_internal.h">
      <Filter>Header Files</Filter>
    </ClInclude>
    <ClInclude Include="ImGui\imgui_style.h">
      <Filter>Header Files</Filter>
    </ClInclude>
    <ClInclude Include="ImGui\ImGuizmo.h">
      <Filter>Header Files</Filter>
    </ClInclude>
    <ClInclude Include="ImGui\stb_rect_pack.h">
      <Filter>Header Files</Filter>
    </ClInclude>
    <ClInclude Include="ImGui\stb_textedit.h">
      <Filter>Header Files</Filter>
    </ClInclude>
    <ClInclude Include="Hydra\Import\MeshImporter.h">
      <Filter>Header Files</Filter>
    </ClInclude>
    <ClInclude Include="Hydra\Scene\Spatial.h">
      <Filter>Header Files</Filter>
    </ClInclude>
    <ClInclude Include="Hydra\Scene\Transformable.h">
      <Filter>Header Files</Filter>
    </ClInclude>
    <ClInclude Include="Hydra\Scene\Component.h">
      <Filter>Header Files</Filter>
    </ClInclude>
    <ClInclude Include="Hydra\Scene\Components\Camera.h">
      <Filter>Header Files</Filter>
    </ClInclude>
    <ClInclude Include="Hydra\Scene\Components\Renderer.h">
      <Filter>Header Files</Filter>
    </ClInclude>
    <ClInclude Include="Hydra\Render\Pipeline\BindingHelpers.h">
      <Filter>Header Files</Filter>
    </ClInclude>
    <ClInclude Include="Hydra\Render\Pipeline\DeviceManager11.h">
      <Filter>Header Files</Filter>
    </ClInclude>
    <ClInclude Include="Hydra\Render\Pipeline\GFSDK_NVRHI.h">
      <Filter>Header Files</Filter>
    </ClInclude>
    <ClInclude Include="Hydra\Render\Pipeline\GFSDK_NVRHI_D3D11.h">
      <Filter>Header Files</Filter>
    </ClInclude>
    <ClInclude Include="Hydra\Render\Mesh.h">
      <Filter>Header Files</Filter>
    </ClInclude>
    <ClInclude Include="Hydra\Core\ColorRGBA.h">
      <Filter>Header Files</Filter>
    </ClInclude>
    <ClInclude Include="Hydra\Core\Common.h">
      <Filter>Header Files</Filter>
    </ClInclude>
    <ClInclude Include="Hydra\Core\Container.h">
      <Filter>Header Files</Filter>
    </ClInclude>
    <ClInclude Include="Hydra\Core\File.h">
      <Filter>Header Files</Filter>
    </ClInclude>
    <ClInclude Include="Hydra\Core\SmartPointer.h">
      <Filter>Header Files</Filter>
    </ClInclude>
    <ClInclude Include="Hydra\Core\String.h">
      <Filter>Header Files</Filter>
    </ClInclude>
    <ClInclude Include="Hydra\Core\Vector.h">
      <Filter>Header Files</Filter>
    </ClInclude>
    <ClInclude Include="Hydra\Core\Resource.h">
      <Filter>Header Files</Filter>
    </ClInclude>
    <ClInclude Include="Hydra\Engine.h">
      <Filter>Header Files</Filter>
    </ClInclude>
    <ClInclude Include="Hydra\Render\Pipeline\DDS\DDS.h">
      <Filter>Header Files</Filter>
    </ClInclude>
    <ClInclude Include="Hydra\Render\Pipeline\DDS\DDSTextureLoader.h">
      <Filter>Header Files</Filter>
    </ClInclude>
    <ClInclude Include="Hydra\Render\Pipeline\DDS\DirectXHelpers.h">
      <Filter>Header Files</Filter>
    </ClInclude>
    <ClInclude Include="Hydra\Render\Pipeline\DDS\LoaderHelpers.h">
      <Filter>Header Files</Filter>
    </ClInclude>
    <ClInclude Include="Hydra\Render\Pipeline\DDS\PlatformHelpers.h">
      <Filter>Header Files</Filter>
    </ClInclude>
    <ClInclude Include="Hydra\Import\TextureImporter.h">
      <Filter>Header Files</Filter>
    </ClInclude>
    <ClInclude Include="Hydra\Core\Log.h">
      <Filter>Header Files</Filter>
    </ClInclude>
    <ClInclude Include="Hydra\Render\Graphics.h">
      <Filter>Header Files</Filter>
    </ClInclude>
    <ClInclude Include="Hydra\Core\Polygonise.h">
      <Filter>Header Files</Filter>
    </ClInclude>
    <ClInclude Include="Hydra\Core\FastNoise.h">
      <Filter>Header Files</Filter>
    </ClInclude>
    <ClInclude Include="Hydra\Input\GenericPlatformInput.h">
      <Filter>Header Files</Filter>
    </ClInclude>
    <ClInclude Include="Hydra\Core\Platform.h">
      <Filter>Header Files</Filter>
    </ClInclude>
    <ClInclude Include="Hydra\Input\Windows\WindowsPlatformInput.h">
      <Filter>Header Files</Filter>
    </ClInclude>
    <ClInclude Include="Hydra\Input\InputCoreTypes.h">
      <Filter>Header Files</Filter>
    </ClInclude>
    <ClInclude Include="Hydra\Input\InputManager.h">
      <Filter>Header Files</Filter>
    </ClInclude>
    <ClInclude Include="Hydra\Core\EObject.h">
      <Filter>Header Files</Filter>
    </ClInclude>
    <ClInclude Include="Hydra\Core\Delegate.h">
      <Filter>Header Files</Filter>
    </ClInclude>
    <ClInclude Include="Hydra\Input\InputMapping.h">
      <Filter>Header Files</Filter>
    </ClInclude>
    <ClInclude Include="Hydra\Input\Windows\WindowsInputManager.h">
      <Filter>Header Files</Filter>
    </ClInclude>
    <ClInclude Include="Hydra\Scene\Components\Movement\FirstPersonController.h">
      <Filter>Header Files</Filter>
    </ClInclude>
    <ClInclude Include="Hydra\Terrain\Erosion.h">
      <Filter>Header Files</Filter>
    </ClInclude>
    <ClInclude Include="Hydra\Core\Random.h">
      <Filter>Header Files</Filter>
    </ClInclude>
    <ClInclude Include="Hydra\Core\Timing.h">
      <Filter>Header Files</Filter>
    </ClInclude>
    <ClInclude Include="IndustryEmpire\IndustryEmpire.h">
      <Filter>Header Files</Filter>
    </ClInclude>
    <ClInclude Include="Hydra\HydraEngine.h">
      <Filter>Header Files</Filter>
    </ClInclude>
    <ClInclude Include="Hydra\Scene\Components\LodGroup.h">
      <Filter>Header Files</Filter>
    </ClInclude>
    <ClInclude Include="Hydra\Core\Math\Box.h">
      <Filter>Header Files</Filter>
    </ClInclude>
    <ClInclude Include="Hydra\Render\RenderManager.h">
      <Filter>Header Files</Filter>
    </ClInclude>
    <ClInclude Include="Hydra\Core\Function.h">
      <Filter>Header Files</Filter>
    </ClInclude>
    <ClInclude Include="NanoVG\stb_image.h">
      <Filter>Header Files</Filter>
    </ClInclude>
    <ClInclude Include="Hydra\Render\Material.h">
      <Filter>Header Files</Filter>
    </ClInclude>
    <ClInclude Include="Hydra\Render\VertexBuffer.h">
      <Filter>Header Files</Filter>
    </ClInclude>
    <ClInclude Include="Yaml\src\token.h">
      <Filter>Header Files</Filter>
    </ClInclude>
    <ClInclude Include="Yaml\src\collectionstack.h">
      <Filter>Header Files</Filter>
    </ClInclude>
    <ClInclude Include="Yaml\src\directives.h">
      <Filter>Header Files</Filter>
    </ClInclude>
    <ClInclude Include="Yaml\src\emitterstate.h">
      <Filter>Header Files</Filter>
    </ClInclude>
    <ClInclude Include="Yaml\src\emitterutils.h">
      <Filter>Header Files</Filter>
    </ClInclude>
    <ClInclude Include="Yaml\src\exp.h">
      <Filter>Header Files</Filter>
    </ClInclude>
    <ClInclude Include="Yaml\src\indentation.h">
      <Filter>Header Files</Filter>
    </ClInclude>
    <ClInclude Include="Yaml\src\nodebuilder.h">
      <Filter>Header Files</Filter>
    </ClInclude>
    <ClInclude Include="Yaml\src\nodeevents.h">
      <Filter>Header Files</Filter>
    </ClInclude>
    <ClInclude Include="Yaml\src\ptr_vector.h">
      <Filter>Header Files</Filter>
    </ClInclude>
    <ClInclude Include="Yaml\src\regex_yaml.h">
      <Filter>Header Files</Filter>
    </ClInclude>
    <ClInclude Include="Yaml\src\regeximpl.h">
      <Filter>Header Files</Filter>
    </ClInclude>
    <ClInclude Include="Yaml\src\scanner.h">
      <Filter>Header Files</Filter>
    </ClInclude>
    <ClInclude Include="Yaml\src\scanscalar.h">
      <Filter>Header Files</Filter>
    </ClInclude>
    <ClInclude Include="Yaml\src\scantag.h">
      <Filter>Header Files</Filter>
    </ClInclude>
    <ClInclude Include="Yaml\src\setting.h">
      <Filter>Header Files</Filter>
    </ClInclude>
    <ClInclude Include="Yaml\src\singledocparser.h">
      <Filter>Header Files</Filter>
    </ClInclude>
    <ClInclude Include="Yaml\src\stream.h">
      <Filter>Header Files</Filter>
    </ClInclude>
    <ClInclude Include="Yaml\src\streamcharsource.h">
      <Filter>Header Files</Filter>
    </ClInclude>
    <ClInclude Include="Yaml\src\stringsource.h">
      <Filter>Header Files</Filter>
    </ClInclude>
    <ClInclude Include="Yaml\src\tag.h">
      <Filter>Header Files</Filter>
    </ClInclude>
    <ClInclude Include="Yaml\src\contrib\graphbuilderadapter.h">
      <Filter>Header Files</Filter>
    </ClInclude>
    <ClInclude Include="Hydra\Core\YamlConvertors.h">
      <Filter>Header Files</Filter>
    </ClInclude>
    <ClInclude Include="Hydra\Import\UnityAssetManager.h">
      <Filter>Header Files</Filter>
    </ClInclude>
    <ClInclude Include="Hydra\Render\RenderStage\RenderStageDeffered.h">
      <Filter>Header Files</Filter>
    </ClInclude>
    <ClInclude Include="Hydra\Render\RenderStage.h">
      <Filter>Header Files</Filter>
    </ClInclude>
    <ClInclude Include="Hydra\Render\RenderStage\RenderStagePostProcess.h">
      <Filter>Header Files</Filter>
    </ClInclude>
    <ClInclude Include="Hydra\Render\PostProcess\PostEffect.h">
      <Filter>Header Files</Filter>
    </ClInclude>
    <ClInclude Include="Hydra\Render\PostProcess\EmissionPostEffect.h">
      <Filter>Header Files</Filter>
    </ClInclude>
    <ClInclude Include="Hydra\Render\PostProcess\SSAOPostEffect.h">
      <Filter>Header Files</Filter>
    </ClInclude>
    <ClInclude Include="Hydra\Render\TextureLayoutDef.h">
      <Filter>Header Files</Filter>
    </ClInclude>
    <ClInclude Include="Hydra\Render\Shader.h">
      <Filter>Header Files</Filter>
    </ClInclude>
    <ClInclude Include="NanoVG\D3D11PixelShader.h">
      <Filter>Header Files</Filter>
    </ClInclude>
    <ClInclude Include="NanoVG\D3D11PixelShaderAA.h">
      <Filter>Header Files</Filter>
    </ClInclude>
    <ClInclude Include="NanoVG\D3D11VertexShader.h">
      <Filter>Header Files</Filter>
    </ClInclude>
    <ClInclude Include="NanoVG\fontstash.h">
      <Filter>Header Files</Filter>
    </ClInclude>
    <ClInclude Include="NanoVG\nanovg.h">
      <Filter>Header Files</Filter>
    </ClInclude>
    <ClInclude Include="NanoVG\nanovg_d3d11.h">
      <Filter>Header Files</Filter>
    </ClInclude>
    <ClInclude Include="Hydra\Render\Pipeline\DX11\UIRendererDX11.h">
      <Filter>Header Files</Filter>
    </ClInclude>
    <ClInclude Include="Hydra\Render\UI\UIRenderer.h">
      <Filter>Header Files</Filter>
    </ClInclude>
    <ClInclude Include="Hydra\Render\Technique.h">
      <Filter>Header Files</Filter>
    </ClInclude>
    <ClInclude Include="Hydra\Scene\Components\Light.h">
      <Filter>Header Files</Filter>
    </ClInclude>
    <ClInclude Include="Hydra\Render\TestVars.h">
      <Filter>Header Files</Filter>
    </ClInclude>
    <ClInclude Include="Hydra\Terrain\Terrain.h">
      <Filter>Header Files</Filter>
    </ClInclude>
    <ClInclude Include="Hydra\Terrain\TerrainNode.h">
      <Filter>Header Files</Filter>
    </ClInclude>
    <ClInclude Include="Hydra\Terrain\Voxel\VoxelTerrain.h">
      <Filter>Header Files</Filter>
    </ClInclude>
    <ClInclude Include="Hydra\Terrain\Marching\Marching.h">
      <Filter>Header Files</Filter>
    </ClInclude>
    <ClInclude Include="Hydra\Terrain\Marching\MarchingCubes.h">
      <Filter>Header Files</Filter>
    </ClInclude>
    <ClInclude Include="Hydra\Terrain\Marching\MarchingCubesTable.h">
      <Filter>Header Files</Filter>
    </ClInclude>
    <ClInclude Include="Hydra\Terrain\Marching\MarchingTable.h">
      <Filter>Header Files</Filter>
    </ClInclude>
    <ClInclude Include="Hydra\Terrain\Marching\MarchingTertrahedron.h">
      <Filter>Header Files</Filter>
    </ClInclude>
    <ClInclude Include="Hydra\Terrain\Marching\MarchingTertrahedronTable.h">
      <Filter>Header Files</Filter>
    </ClInclude>
    <ClInclude Include="Hydra\Terrain\Voxel\World\VoxelWorld.h">
      <Filter>Header Files</Filter>
    </ClInclude>
    <ClInclude Include="Hydra\Terrain\Voxel\World\VoxelChunk.h">
      <Filter>Header Files</Filter>
    </ClInclude>
    <ClInclude Include="Hydra\Terrain\Generator\MeshBuilder.h">
      <Filter>Header Files</Filter>
    </ClInclude>
    <ClInclude Include="Hydra\Terrain\Render\VoxelChunkRenderer.h">
      <Filter>Header Files</Filter>
    </ClInclude>
    <ClInclude Include="Hydra\Terrain\Generator\Noise\NoiseMap.h">
      <Filter>Header Files</Filter>
    </ClInclude>
    <ClInclude Include="Hydra\Terrain\Generator\MeshSettings.h">
      <Filter>Header Files</Filter>
    </ClInclude>
    <ClInclude Include="Hydra\Terrain\Generator\MeshGenerator.h">
      <Filter>Header Files</Filter>
    </ClInclude>
    <ClInclude Include="Hydra\Terrain\Generator\MeshData.h">
      <Filter>Header Files</Filter>
    </ClInclude>
    <ClInclude Include="Hydra\Core\Array.h">
      <Filter>Header Files</Filter>
    </ClInclude>
    <ClInclude Include="Hydra\Terrain\Generator\HeightMap.h">
      <Filter>Header Files</Filter>
    </ClInclude>
    <ClInclude Include="Hydra\Render\VarType.h">
      <Filter>Header Files</Filter>
    </ClInclude>
    <ClInclude Include="Hydra\Physics\Collisons\Testing.h">
      <Filter>Header Files</Filter>
    </ClInclude>
  </ItemGroup>
  <ItemGroup>
    <ResourceCompile Include="Hydra.rc">
      <Filter>Resource Files</Filter>
    </ResourceCompile>
  </ItemGroup>
  <ItemGroup>
    <ClCompile Include="ImGui\imgui.cpp">
      <Filter>Source Files</Filter>
    </ClCompile>
    <ClCompile Include="ImGui\imgui_demo.cpp">
      <Filter>Source Files</Filter>
    </ClCompile>
    <ClCompile Include="ImGui\imgui_draw.cpp">
      <Filter>Source Files</Filter>
    </ClCompile>
    <ClCompile Include="ImGui\imgui_impl_dx11.cpp">
      <Filter>Source Files</Filter>
    </ClCompile>
    <ClCompile Include="ImGui\ImGuizmo.cpp">
      <Filter>Source Files</Filter>
    </ClCompile>
    <ClCompile Include="Hydra\Import\MeshImporter.cpp">
      <Filter>Source Files</Filter>
    </ClCompile>
    <ClCompile Include="Hydra\Scene\Spatial.cpp">
      <Filter>Source Files</Filter>
    </ClCompile>
    <ClCompile Include="Hydra\Scene\Transformable.cpp">
      <Filter>Source Files</Filter>
    </ClCompile>
    <ClCompile Include="Hydra\Scene\Components\Camera.cpp">
      <Filter>Source Files</Filter>
    </ClCompile>
    <ClCompile Include="Hydra\Scene\Component.cpp">
      <Filter>Source Files</Filter>
    </ClCompile>
    <ClCompile Include="Hydra\Scene\Components\Renderer.cpp">
      <Filter>Source Files</Filter>
    </ClCompile>
    <ClCompile Include="Hydra\Render\Pipeline\DeviceManager11.cpp">
      <Filter>Source Files</Filter>
    </ClCompile>
    <ClCompile Include="Hydra\Render\Pipeline\GFSDK_NVRHI_D3D11.cpp">
      <Filter>Source Files</Filter>
    </ClCompile>
    <ClCompile Include="Hydra\Render\Mesh.cpp">
      <Filter>Source Files</Filter>
    </ClCompile>
    <ClCompile Include="Hydra\Core\ColorRGBA.cpp">
      <Filter>Source Files</Filter>
    </ClCompile>
    <ClCompile Include="Hydra\Core\File.cpp">
      <Filter>Source Files</Filter>
    </ClCompile>
    <ClCompile Include="Hydra\Core\Resource.cpp">
      <Filter>Source Files</Filter>
    </ClCompile>
    <ClCompile Include="Hydra\Engine.cpp">
      <Filter>Source Files</Filter>
    </ClCompile>
    <ClCompile Include="Hydra\Render\Pipeline\DDS\DDSTextureLoader.cpp">
      <Filter>Source Files</Filter>
    </ClCompile>
    <ClCompile Include="Hydra\Import\TextureImporter.cpp">
      <Filter>Source Files</Filter>
    </ClCompile>
    <ClCompile Include="Hydra\Render\Graphics.cpp">
      <Filter>Source Files</Filter>
    </ClCompile>
    <ClCompile Include="Hydra\Core\Polygonise.cpp">
      <Filter>Source Files</Filter>
    </ClCompile>
    <ClCompile Include="Hydra\Core\FastNoise.cpp">
      <Filter>Source Files</Filter>
    </ClCompile>
    <ClCompile Include="Hydra\Input\GenericPlatformInput.cpp">
      <Filter>Source Files</Filter>
    </ClCompile>
    <ClCompile Include="Hydra\Input\Windows\WindowsPlatformInput.cpp">
      <Filter>Source Files</Filter>
    </ClCompile>
    <ClCompile Include="Hydra\Input\InputCoreTypes.cpp">
      <Filter>Source Files</Filter>
    </ClCompile>
    <ClCompile Include="Hydra\Input\InputManager.cpp">
      <Filter>Source Files</Filter>
    </ClCompile>
    <ClCompile Include="Hydra\Input\Windows\WindowsInputManager.cpp">
      <Filter>Source Files</Filter>
    </ClCompile>
    <ClCompile Include="Hydra\Scene\Components\Movement\FirstPersonController.cpp">
      <Filter>Source Files</Filter>
    </ClCompile>
    <ClCompile Include="Hydra\Terrain\Erosion.cpp">
      <Filter>Source Files</Filter>
    </ClCompile>
    <ClCompile Include="Hydra\Core\Random.cpp">
      <Filter>Source Files</Filter>
    </ClCompile>
    <ClCompile Include="Hydra\Core\Timing.cpp">
      <Filter>Source Files</Filter>
    </ClCompile>
    <ClCompile Include="MainOld.cpp">
      <Filter>Source Files</Filter>
    </ClCompile>
    <ClCompile Include="Main.cpp">
      <Filter>Source Files</Filter>
    </ClCompile>
    <ClCompile Include="IndustryEmpire\IndustryEmpire.cpp">
      <Filter>Source Files</Filter>
    </ClCompile>
    <ClCompile Include="Hydra\HydraEngine.cpp">
      <Filter>Source Files</Filter>
    </ClCompile>
    <ClCompile Include="Hydra\Scene\Components\LodGroup.cpp">
      <Filter>Source Files</Filter>
    </ClCompile>
    <ClCompile Include="Hydra\Render\RenderManager.cpp">
      <Filter>Source Files</Filter>
    </ClCompile>
    <ClCompile Include="Hydra\Render\Material.cpp">
      <Filter>Source Files</Filter>
    </ClCompile>
    <ClCompile Include="Yaml\src\binary.cpp">
      <Filter>Source Files</Filter>
    </ClCompile>
    <ClCompile Include="Yaml\src\convert.cpp">
      <Filter>Source Files</Filter>
    </ClCompile>
    <ClCompile Include="Yaml\src\directives.cpp">
      <Filter>Source Files</Filter>
    </ClCompile>
    <ClCompile Include="Yaml\src\emit.cpp">
      <Filter>Source Files</Filter>
    </ClCompile>
    <ClCompile Include="Yaml\src\emitfromevents.cpp">
      <Filter>Source Files</Filter>
    </ClCompile>
    <ClCompile Include="Yaml\src\emitter.cpp">
      <Filter>Source Files</Filter>
    </ClCompile>
    <ClCompile Include="Yaml\src\emitterstate.cpp">
      <Filter>Source Files</Filter>
    </ClCompile>
    <ClCompile Include="Yaml\src\emitterutils.cpp">
      <Filter>Source Files</Filter>
    </ClCompile>
    <ClCompile Include="Yaml\src\exceptions.cpp">
      <Filter>Source Files</Filter>
    </ClCompile>
    <ClCompile Include="Yaml\src\exp.cpp">
      <Filter>Source Files</Filter>
    </ClCompile>
    <ClCompile Include="Yaml\src\memory.cpp">
      <Filter>Source Files</Filter>
    </ClCompile>
    <ClCompile Include="Yaml\src\node.cpp">
      <Filter>Source Files</Filter>
    </ClCompile>
    <ClCompile Include="Yaml\src\node_data.cpp">
      <Filter>Source Files</Filter>
    </ClCompile>
    <ClCompile Include="Yaml\src\nodebuilder.cpp">
      <Filter>Source Files</Filter>
    </ClCompile>
    <ClCompile Include="Yaml\src\nodeevents.cpp">
      <Filter>Source Files</Filter>
    </ClCompile>
    <ClCompile Include="Yaml\src\null.cpp">
      <Filter>Source Files</Filter>
    </ClCompile>
    <ClCompile Include="Yaml\src\ostream_wrapper.cpp">
      <Filter>Source Files</Filter>
    </ClCompile>
    <ClCompile Include="Yaml\src\parse.cpp">
      <Filter>Source Files</Filter>
    </ClCompile>
    <ClCompile Include="Yaml\src\parser.cpp">
      <Filter>Source Files</Filter>
    </ClCompile>
    <ClCompile Include="Yaml\src\regex_yaml.cpp">
      <Filter>Source Files</Filter>
    </ClCompile>
    <ClCompile Include="Yaml\src\scanner.cpp">
      <Filter>Source Files</Filter>
    </ClCompile>
    <ClCompile Include="Yaml\src\scanscalar.cpp">
      <Filter>Source Files</Filter>
    </ClCompile>
    <ClCompile Include="Yaml\src\scantag.cpp">
      <Filter>Source Files</Filter>
    </ClCompile>
    <ClCompile Include="Yaml\src\scantoken.cpp">
      <Filter>Source Files</Filter>
    </ClCompile>
    <ClCompile Include="Yaml\src\simplekey.cpp">
      <Filter>Source Files</Filter>
    </ClCompile>
    <ClCompile Include="Yaml\src\singledocparser.cpp">
      <Filter>Source Files</Filter>
    </ClCompile>
    <ClCompile Include="Yaml\src\stream.cpp">
      <Filter>Source Files</Filter>
    </ClCompile>
    <ClCompile Include="Yaml\src\tag.cpp">
      <Filter>Source Files</Filter>
    </ClCompile>
    <ClCompile Include="Yaml\src\contrib\graphbuilder.cpp">
      <Filter>Source Files</Filter>
    </ClCompile>
    <ClCompile Include="Yaml\src\contrib\graphbuilderadapter.cpp">
      <Filter>Source Files</Filter>
    </ClCompile>
    <ClCompile Include="Hydra\Import\UnityAssetManager.cpp">
      <Filter>Source Files</Filter>
    </ClCompile>
    <ClCompile Include="MainYamlTest.cpp">
      <Filter>Source Files</Filter>
    </ClCompile>
    <ClCompile Include="Hydra\Render\RenderStage\RenderStageDeffered.cpp">
      <Filter>Source Files</Filter>
    </ClCompile>
    <ClCompile Include="Hydra\Render\RenderStage\RenderStagePostProcess.cpp">
      <Filter>Source Files</Filter>
    </ClCompile>
    <ClCompile Include="Hydra\Render\PostProcess\PostEffect.cpp">
      <Filter>Source Files</Filter>
    </ClCompile>
    <ClCompile Include="Hydra\Render\TextureLayoutDef.cpp">
      <Filter>Source Files</Filter>
    </ClCompile>
    <ClCompile Include="Hydra\Render\RenderStage.cpp">
      <Filter>Source Files</Filter>
    </ClCompile>
    <ClCompile Include="Hydra\Render\Technique.cpp">
      <Filter>Source Files</Filter>
    </ClCompile>
    <ClCompile Include="Hydra\Render\Shader.cpp">
      <Filter>Source Files</Filter>
    </ClCompile>
    <ClCompile Include="NanoVG\nanovg.c">
      <Filter>Source Files</Filter>
    </ClCompile>
    <ClCompile Include="Hydra\Render\UI\UIRenderer.cpp">
      <Filter>Source Files</Filter>
    </ClCompile>
    <ClCompile Include="Hydra\Render\Pipeline\DX11\UIRendererDX11.cpp">
      <Filter>Source Files</Filter>
    </ClCompile>
    <ClCompile Include="Hydra\Scene\Components\Light.cpp">
      <Filter>Source Files</Filter>
    </ClCompile>
    <ClCompile Include="Hydra\Render\Test.cpp">
      <Filter>Source Files</Filter>
    </ClCompile>
    <ClCompile Include="Hydra\Terrain\Terrain.cpp">
      <Filter>Source Files</Filter>
    </ClCompile>
    <ClCompile Include="Hydra\Terrain\TerrainNode.cpp">
      <Filter>Source Files</Filter>
    </ClCompile>
    <ClCompile Include="Hydra\Terrain\Voxel\VoxelTerrain.cpp">
      <Filter>Source Files</Filter>
    </ClCompile>
    <ClCompile Include="Hydra\Terrain\Marching\Marching.cpp">
      <Filter>Source Files</Filter>
    </ClCompile>
    <ClCompile Include="Hydra\Terrain\Marching\MarchingCubes.cpp">
      <Filter>Source Files</Filter>
    </ClCompile>
    <ClCompile Include="Hydra\Terrain\Marching\MarchingTertrahedron.cpp">
      <Filter>Source Files</Filter>
    </ClCompile>
    <ClCompile Include="Hydra\Terrain\Voxel\World\VoxelWorld.cpp">
      <Filter>Source Files</Filter>
    </ClCompile>
    <ClCompile Include="Hydra\Terrain\Voxel\World\VoxelChunk.cpp">
      <Filter>Source Files</Filter>
    </ClCompile>
    <ClCompile Include="Hydra\Terrain\Generator\MeshBuilder.cpp">
      <Filter>Source Files</Filter>
    </ClCompile>
    <ClCompile Include="Hydra\Terrain\Generator\Noise\NoiseMap.cpp">
      <Filter>Source Files</Filter>
    </ClCompile>
    <ClCompile Include="Hydra\Terrain\Generator\MeshGenerator.cpp">
      <Filter>Source Files</Filter>
    </ClCompile>
    <ClCompile Include="Hydra\Terrain\Generator\MeshData.cpp">
      <Filter>Source Files</Filter>
    </ClCompile>
    <ClCompile Include="Hydra\Terrain\Generator\HeightMap.cpp">
      <Filter>Source Files</Filter>
    </ClCompile>
  </ItemGroup>
  <ItemGroup>
    <None Include="cpp.hint" />
  </ItemGroup>
</Project>