<?xml version="1.0" encoding="utf-8"?>
<Project ToolsVersion="4.0" xmlns="http://schemas.microsoft.com/developer/msbuild/2003">
  <ItemGroup>
    <Filter Include="Source Files">
      <UniqueIdentifier>{4FC737F1-C7A5-4376-A066-2A32D752A2FF}</UniqueIdentifier>
      <Extensions>cpp;c;cc;cxx;def;odl;idl;hpj;bat;asm;asmx</Extensions>
    </Filter>
    <Filter Include="Header Files">
      <UniqueIdentifier>{93995380-89BD-4b04-88EB-625FBE52EBFB}</UniqueIdentifier>
      <Extensions>h;hh;hpp;hxx;hm;inl;inc;ipp;xsd</Extensions>
    </Filter>
    <Filter Include="Resource Files">
      <UniqueIdentifier>{67DA6AB6-F800-4c08-8B7A-83BB121AAD01}</UniqueIdentifier>
      <Extensions>rc;ico;cur;bmp;dlg;rc2;rct;bin;rgs;gif;jpg;jpeg;jpe;resx;tiff;tif;png;wav;mfcribbon-ms</Extensions>
    </Filter>
  </ItemGroup>
  <ItemGroup>
    <ClInclude Include="resource.h">
      <Filter>Header Files</Filter>
    </ClInclude>
    <ClInclude Include="ImGui\stb_truetype.h">
      <Filter>Header Files</Filter>
    </ClInclude>
    <ClInclude Include="ImGui\imconfig.h">
      <Filter>Header Files</Filter>
    </ClInclude>
    <ClInclude Include="ImGui\imgui.h">
      <Filter>Header Files</Filter>
    </ClInclude>
    <ClInclude Include="ImGui\imgui_helper.h">
      <Filter>Header Files</Filter>
    </ClInclude>
    <ClInclude Include="ImGui\imgui_impl_dx11.h">
      <Filter>Header Files</Filter>
    </ClInclude>
    <ClInclude Include="ImGui\imgui_internal.h">
      <Filter>Header Files</Filter>
    </ClInclude>
    <ClInclude Include="ImGui\imgui_style.h">
      <Filter>Header Files</Filter>
    </ClInclude>
    <ClInclude Include="ImGui\ImGuizmo.h">
      <Filter>Header Files</Filter>
    </ClInclude>
    <ClInclude Include="ImGui\stb_rect_pack.h">
      <Filter>Header Files</Filter>
    </ClInclude>
    <ClInclude Include="ImGui\stb_textedit.h">
      <Filter>Header Files</Filter>
    </ClInclude>
    <ClInclude Include="Hydra\Import\MeshImporter.h">
      <Filter>Header Files</Filter>
    </ClInclude>
    <ClInclude Include="Hydra\Scene\Spatial.h">
      <Filter>Header Files</Filter>
    </ClInclude>
    <ClInclude Include="Hydra\Scene\Transformable.h">
      <Filter>Header Files</Filter>
    </ClInclude>
    <ClInclude Include="Hydra\Scene\Component.h">
      <Filter>Header Files</Filter>
    </ClInclude>
    <ClInclude Include="Hydra\Scene\Components\Camera.h">
      <Filter>Header Files</Filter>
    </ClInclude>
    <ClInclude Include="Hydra\Scene\Components\Renderer.h">
      <Filter>Header Files</Filter>
    </ClInclude>
    <ClInclude Include="Hydra\Render\Pipeline\BindingHelpers.h">
      <Filter>Header Files</Filter>
    </ClInclude>
    <ClInclude Include="Hydra\Render\Pipeline\DeviceManager11.h">
      <Filter>Header Files</Filter>
    </ClInclude>
    <ClInclude Include="Hydra\Render\Pipeline\GFSDK_NVRHI.h">
      <Filter>Header Files</Filter>
    </ClInclude>
    <ClInclude Include="Hydra\Render\Pipeline\GFSDK_NVRHI_D3D11.h">
      <Filter>Header Files</Filter>
    </ClInclude>
    <ClInclude Include="Hydra\Render\Mesh.h">
      <Filter>Header Files</Filter>
    </ClInclude>
    <ClInclude Include="Hydra\Render\Shader.h">
      <Filter>Header Files</Filter>
    </ClInclude>
    <ClInclude Include="Hydra\Import\ShaderImporter.h">
      <Filter>Header Files</Filter>
    </ClInclude>
    <ClInclude Include="Hydra\Core\ColorRGBA.h">
      <Filter>Header Files</Filter>
    </ClInclude>
    <ClInclude Include="Hydra\Core\Common.h">
      <Filter>Header Files</Filter>
    </ClInclude>
    <ClInclude Include="Hydra\Core\Container.h">
      <Filter>Header Files</Filter>
    </ClInclude>
    <ClInclude Include="Hydra\Core\File.h">
      <Filter>Header Files</Filter>
    </ClInclude>
    <ClInclude Include="Hydra\Core\SmartPointer.h">
      <Filter>Header Files</Filter>
    </ClInclude>
    <ClInclude Include="Hydra\Core\String.h">
      <Filter>Header Files</Filter>
    </ClInclude>
    <ClInclude Include="Hydra\Core\Vector.h">
      <Filter>Header Files</Filter>
    </ClInclude>
    <ClInclude Include="Hydra\Core\Resource.h">
      <Filter>Header Files</Filter>
    </ClInclude>
    <ClInclude Include="Hydra\Engine.h">
      <Filter>Header Files</Filter>
    </ClInclude>
    <ClInclude Include="Hydra\Render\Pipeline\DDS\DDS.h">
      <Filter>Header Files</Filter>
    </ClInclude>
    <ClInclude Include="Hydra\Render\Pipeline\DDS\DDSTextureLoader.h">
      <Filter>Header Files</Filter>
    </ClInclude>
    <ClInclude Include="Hydra\Render\Pipeline\DDS\DirectXHelpers.h">
      <Filter>Header Files</Filter>
    </ClInclude>
    <ClInclude Include="Hydra\Render\Pipeline\DDS\LoaderHelpers.h">
      <Filter>Header Files</Filter>
    </ClInclude>
    <ClInclude Include="Hydra\Render\Pipeline\DDS\PlatformHelpers.h">
      <Filter>Header Files</Filter>
    </ClInclude>
    <ClInclude Include="Hydra\Import\TextureImporter.h">
      <Filter>Header Files</Filter>
    </ClInclude>
    <ClInclude Include="Hydra\Core\Log.h">
      <Filter>Header Files</Filter>
    </ClInclude>
    <ClInclude Include="Hydra\Render\Graphics.h">
      <Filter>Header Files</Filter>
    </ClInclude>
    <ClInclude Include="Hydra\Core\Polygonise.h">
      <Filter>Header Files</Filter>
    </ClInclude>
    <ClInclude Include="Hydra\Core\FastNoise.h">
      <Filter>Header Files</Filter>
    </ClInclude>
    <ClInclude Include="Hydra\Input\GenericPlatformInput.h">
      <Filter>Header Files</Filter>
    </ClInclude>
    <ClInclude Include="Hydra\Core\Platform.h">
      <Filter>Header Files</Filter>
    </ClInclude>
    <ClInclude Include="Hydra\Input\Windows\WindowsPlatformInput.h">
      <Filter>Header Files</Filter>
    </ClInclude>
    <ClInclude Include="Hydra\Input\InputCoreTypes.h">
      <Filter>Header Files</Filter>
    </ClInclude>
    <ClInclude Include="Hydra\Input\InputManager.h">
      <Filter>Header Files</Filter>
    </ClInclude>
    <ClInclude Include="Hydra\Core\EObject.h">
      <Filter>Header Files</Filter>
    </ClInclude>
    <ClInclude Include="Hydra\Core\Delegate.h">
      <Filter>Header Files</Filter>
    </ClInclude>
    <ClInclude Include="Hydra\Input\InputMapping.h">
      <Filter>Header Files</Filter>
    </ClInclude>
    <ClInclude Include="Hydra\Input\Windows\WindowsInputManager.h">
      <Filter>Header Files</Filter>
    </ClInclude>
    <ClInclude Include="Hydra\Scene\Components\Movement\FirstPersonController.h">
      <Filter>Header Files</Filter>
    </ClInclude>
    <ClInclude Include="Hydra\Terrain\Erosion.h">
      <Filter>Header Files</Filter>
    </ClInclude>
    <ClInclude Include="Hydra\Core\Random.h">
      <Filter>Header Files</Filter>
    </ClInclude>
    <ClInclude Include="Hydra\Core\Timing.h">
      <Filter>Header Files</Filter>
    </ClInclude>
    <ClInclude Include="IndustryEmpire\IndustryEmpire.h">
      <Filter>Header Files</Filter>
    </ClInclude>
    <ClInclude Include="Hydra\HydraEngine.h">
      <Filter>Header Files</Filter>
    </ClInclude>
    <ClInclude Include="Hydra\Scene\Components\LodGroup.h">
      <Filter>Header Files</Filter>
    </ClInclude>
    <ClInclude Include="Hydra\Core\Math\Box.h">
      <Filter>Header Files</Filter>
    </ClInclude>
    <ClInclude Include="Hydra\Render\RenderStage.h">
      <Filter>Header Files</Filter>
    </ClInclude>
    <ClInclude Include="Hydra\Render\RenderStageDeffered.h">
      <Filter>Header Files</Filter>
    </ClInclude>
    <ClInclude Include="Hydra\Render\RenderManager.h">
      <Filter>Header Files</Filter>
    </ClInclude>
  </ItemGroup>
  <ItemGroup>
    <ResourceCompile Include="Hydra.rc">
      <Filter>Resource Files</Filter>
    </ResourceCompile>
  </ItemGroup>
  <ItemGroup>
    <ClCompile Include="ImGui\imgui.cpp">
      <Filter>Source Files</Filter>
    </ClCompile>
    <ClCompile Include="ImGui\imgui_demo.cpp">
      <Filter>Source Files</Filter>
    </ClCompile>
    <ClCompile Include="ImGui\imgui_draw.cpp">
      <Filter>Source Files</Filter>
    </ClCompile>
    <ClCompile Include="ImGui\imgui_impl_dx11.cpp">
      <Filter>Source Files</Filter>
    </ClCompile>
    <ClCompile Include="ImGui\ImGuizmo.cpp">
      <Filter>Source Files</Filter>
    </ClCompile>
    <ClCompile Include="Hydra\Import\MeshImporter.cpp">
      <Filter>Source Files</Filter>
    </ClCompile>
    <ClCompile Include="Hydra\Scene\Spatial.cpp">
      <Filter>Source Files</Filter>
    </ClCompile>
    <ClCompile Include="Hydra\Scene\Transformable.cpp">
      <Filter>Source Files</Filter>
    </ClCompile>
    <ClCompile Include="Hydra\Scene\Components\Camera.cpp">
      <Filter>Source Files</Filter>
    </ClCompile>
    <ClCompile Include="Hydra\Scene\Component.cpp">
      <Filter>Source Files</Filter>
    </ClCompile>
    <ClCompile Include="Hydra\Scene\Components\Renderer.cpp">
      <Filter>Source Files</Filter>
    </ClCompile>
    <ClCompile Include="Hydra\Render\Pipeline\DeviceManager11.cpp">
      <Filter>Source Files</Filter>
    </ClCompile>
    <ClCompile Include="Hydra\Render\Pipeline\GFSDK_NVRHI_D3D11.cpp">
      <Filter>Source Files</Filter>
    </ClCompile>
    <ClCompile Include="Hydra\Render\Mesh.cpp">
      <Filter>Source Files</Filter>
    </ClCompile>
    <ClCompile Include="Hydra\Render\Shader.cpp">
      <Filter>Source Files</Filter>
    </ClCompile>
    <ClCompile Include="Hydra\Import\ShaderImporter.cpp">
      <Filter>Source Files</Filter>
    </ClCompile>
    <ClCompile Include="Hydra\Core\ColorRGBA.cpp">
      <Filter>Source Files</Filter>
    </ClCompile>
    <ClCompile Include="Hydra\Core\File.cpp">
      <Filter>Source Files</Filter>
    </ClCompile>
    <ClCompile Include="Hydra\Core\Resource.cpp">
      <Filter>Source Files</Filter>
    </ClCompile>
    <ClCompile Include="Hydra\Engine.cpp">
      <Filter>Source Files</Filter>
    </ClCompile>
    <ClCompile Include="Hydra\Render\Pipeline\DDS\DDSTextureLoader.cpp">
      <Filter>Source Files</Filter>
    </ClCompile>
    <ClCompile Include="Hydra\Import\TextureImporter.cpp">
      <Filter>Source Files</Filter>
    </ClCompile>
    <ClCompile Include="Hydra\Render\Graphics.cpp">
      <Filter>Source Files</Filter>
    </ClCompile>
    <ClCompile Include="Hydra\Core\Polygonise.cpp">
      <Filter>Source Files</Filter>
    </ClCompile>
    <ClCompile Include="Hydra\Core\FastNoise.cpp">
      <Filter>Source Files</Filter>
    </ClCompile>
    <ClCompile Include="Hydra\Input\GenericPlatformInput.cpp">
      <Filter>Source Files</Filter>
    </ClCompile>
    <ClCompile Include="Hydra\Input\Windows\WindowsPlatformInput.cpp">
      <Filter>Source Files</Filter>
    </ClCompile>
    <ClCompile Include="Hydra\Input\InputCoreTypes.cpp">
      <Filter>Source Files</Filter>
    </ClCompile>
    <ClCompile Include="Hydra\Input\InputManager.cpp">
      <Filter>Source Files</Filter>
    </ClCompile>
    <ClCompile Include="Hydra\Input\Windows\WindowsInputManager.cpp">
      <Filter>Source Files</Filter>
    </ClCompile>
    <ClCompile Include="Hydra\Scene\Components\Movement\FirstPersonController.cpp">
      <Filter>Source Files</Filter>
    </ClCompile>
    <ClCompile Include="Hydra\Terrain\Erosion.cpp">
      <Filter>Source Files</Filter>
    </ClCompile>
    <ClCompile Include="Hydra\Core\Random.cpp">
      <Filter>Source Files</Filter>
    </ClCompile>
    <ClCompile Include="Hydra\Core\Timing.cpp">
      <Filter>Source Files</Filter>
    </ClCompile>
    <ClCompile Include="MainOld.cpp">
      <Filter>Source Files</Filter>
    </ClCompile>
    <ClCompile Include="Main.cpp">
      <Filter>Source Files</Filter>
    </ClCompile>
    <ClCompile Include="IndustryEmpire\IndustryEmpire.cpp">
      <Filter>Source Files</Filter>
    </ClCompile>
    <ClCompile Include="Hydra\HydraEngine.cpp">
      <Filter>Source Files</Filter>
    </ClCompile>
    <ClCompile Include="Hydra\Scene\Components\LodGroup.cpp">
      <Filter>Source Files</Filter>
    </ClCompile>
    <ClCompile Include="Hydra\Render\RenderStageDeffered.cpp">
      <Filter>Source Files</Filter>
    </ClCompile>
    <ClCompile Include="Hydra\Render\RenderManager.cpp">
      <Filter>Source Files</Filter>
    </ClCompile>
  </ItemGroup>
  <ItemGroup>
    <None Include="cpp.hint" />
  </ItemGroup>
</Project>